Microsoft Visual Studio Solution File, Format Version 12.00
# Visual Studio Version 17
VisualStudioVersion = 17.0.31903.59
MinimumVisualStudioVersion = 15.0.26124.0
Project("{2150E333-8FDC-42A3-9474-1A3956D46DE8}") = "Solution Items", "Solution Items", "{3E19A92D-7C37-43FA-9CBF-A99C87297F62}"
	ProjectSection(SolutionItems) = preProject
		Misc\logo.png = Misc\logo.png
		README.md = README.md
	EndProjectSection
EndProject
Project("{9A19103F-16F7-4668-BE54-9A1E7A4F7556}") = "WebApplication", "WebApplication\WebApplication.csproj", "{6399E5FF-AE50-45A2-B05B-2392D8B8AC9F}"
EndProject
Project("{9A19103F-16F7-4668-BE54-9A1E7A4F7556}") = "ResponsiveFileManager.AspNetCore", "ResponsiveFileManager.AspNetCore\ResponsiveFileManager.AspNetCore.csproj", "{C71D0DC2-A4F8-4470-BB1A-DE5CE7182611}"
EndProject
Project("{13B669BE-BB05-4DDF-9536-439F39A36129}") = "ResponsiveFileManager", "ResponsiveFileManager\ResponsiveFileManager.msbuildproj", "{5CB39992-2ABB-401E-95B2-ECF606DB963B}"
EndProject
Global
	GlobalSection(SolutionConfigurationPlatforms) = preSolution
		Debug|Any CPU = Debug|Any CPU
		Debug|x64 = Debug|x64
		Debug|x86 = Debug|x86
		Release|Any CPU = Release|Any CPU
		Release|x64 = Release|x64
		Release|x86 = Release|x86
	EndGlobalSection
	GlobalSection(ProjectConfigurationPlatforms) = postSolution
		{6399E5FF-AE50-45A2-B05B-2392D8B8AC9F}.Debug|Any CPU.ActiveCfg = Debug|Any CPU
		{6399E5FF-AE50-45A2-B05B-2392D8B8AC9F}.Debug|Any CPU.Build.0 = Debug|Any CPU
		{6399E5FF-AE50-45A2-B05B-2392D8B8AC9F}.Debug|x64.ActiveCfg = Debug|Any CPU
		{6399E5FF-AE50-45A2-B05B-2392D8B8AC9F}.Debug|x64.Build.0 = Debug|Any CPU
		{6399E5FF-AE50-45A2-B05B-2392D8B8AC9F}.Debug|x86.ActiveCfg = Debug|Any CPU
		{6399E5FF-AE50-45A2-B05B-2392D8B8AC9F}.Debug|x86.Build.0 = Debug|Any CPU
		{6399E5FF-AE50-45A2-B05B-2392D8B8AC9F}.Release|Any CPU.ActiveCfg = Release|Any CPU
		{6399E5FF-AE50-45A2-B05B-2392D8B8AC9F}.Release|Any CPU.Build.0 = Release|Any CPU
		{6399E5FF-AE50-45A2-B05B-2392D8B8AC9F}.Release|x64.ActiveCfg = Release|Any CPU
		{6399E5FF-AE50-45A2-B05B-2392D8B8AC9F}.Release|x64.Build.0 = Release|Any CPU
		{6399E5FF-AE50-45A2-B05B-2392D8B8AC9F}.Release|x86.ActiveCfg = Release|Any CPU
		{6399E5FF-AE50-45A2-B05B-2392D8B8AC9F}.Release|x86.Build.0 = Release|Any CPU
		{C71D0DC2-A4F8-4470-BB1A-DE5CE7182611}.Debug|Any CPU.ActiveCfg = Debug|Any CPU
		{C71D0DC2-A4F8-4470-BB1A-DE5CE7182611}.Debug|Any CPU.Build.0 = Debug|Any CPU
		{C71D0DC2-A4F8-4470-BB1A-DE5CE7182611}.Debug|x64.ActiveCfg = Debug|Any CPU
		{C71D0DC2-A4F8-4470-BB1A-DE5CE7182611}.Debug|x64.Build.0 = Debug|Any CPU
		{C71D0DC2-A4F8-4470-BB1A-DE5CE7182611}.Debug|x86.ActiveCfg = Debug|Any CPU
		{C71D0DC2-A4F8-4470-BB1A-DE5CE7182611}.Debug|x86.Build.0 = Debug|Any CPU
		{C71D0DC2-A4F8-4470-BB1A-DE5CE7182611}.Release|Any CPU.ActiveCfg = Release|Any CPU
		{C71D0DC2-A4F8-4470-BB1A-DE5CE7182611}.Release|Any CPU.Build.0 = Release|Any CPU
		{C71D0DC2-A4F8-4470-BB1A-DE5CE7182611}.Release|x64.ActiveCfg = Release|Any CPU
		{C71D0DC2-A4F8-4470-BB1A-DE5CE7182611}.Release|x64.Build.0 = Release|Any CPU
		{C71D0DC2-A4F8-4470-BB1A-DE5CE7182611}.Release|x86.ActiveCfg = Release|Any CPU
		{C71D0DC2-A4F8-4470-BB1A-DE5CE7182611}.Release|x86.Build.0 = Release|Any CPU
		{5CB39992-2ABB-401E-95B2-ECF606DB963B}.Debug|Any CPU.ActiveCfg = Debug|Any CPU
		{5CB39992-2ABB-401E-95B2-ECF606DB963B}.Debug|Any CPU.Build.0 = Debug|Any CPU
		{5CB39992-2ABB-401E-95B2-ECF606DB963B}.Debug|x64.ActiveCfg = Debug|Any CPU
		{5CB39992-2ABB-401E-95B2-ECF606DB963B}.Debug|x64.Build.0 = Debug|Any CPU
		{5CB39992-2ABB-401E-95B2-ECF606DB963B}.Debug|x86.ActiveCfg = Debug|Any CPU
		{5CB39992-2ABB-401E-95B2-ECF606DB963B}.Debug|x86.Build.0 = Debug|Any CPU
		{5CB39992-2ABB-401E-95B2-ECF606DB963B}.Release|Any CPU.ActiveCfg = Release|Any CPU
		{5CB39992-2ABB-401E-95B2-ECF606DB963B}.Release|Any CPU.Build.0 = Release|Any CPU
		{5CB39992-2ABB-401E-95B2-ECF606DB963B}.Release|x64.ActiveCfg = Release|Any CPU
		{5CB39992-2ABB-401E-95B2-ECF606DB963B}.Release|x64.Build.0 = Release|Any CPU
		{5CB39992-2ABB-401E-95B2-ECF606DB963B}.Release|x86.ActiveCfg = Release|Any CPU
		{5CB39992-2ABB-401E-95B2-ECF606DB963B}.Release|x86.Build.0 = Release|Any CPU
	EndGlobalSection
	GlobalSection(SolutionProperties) = preSolution
		HideSolutionNode = FALSE
	EndGlobalSection
	GlobalSection(ExtensibilityGlobals) = postSolution
		SolutionGuid = {DF6D49C2-1639-4C42-9036-2277A328F711}
	EndGlobalSection
EndGlobal
